
Microsoft Visual Studio Solution File, Format Version 12.00
# Visual Studio Version 17
VisualStudioVersion = 17.4.33110.190
MinimumVisualStudioVersion = 10.0.40219.1
Project("{FAE04EC0-301F-11D3-BF4B-00C04F79EFBC}") = "Task", "Task\Task.csproj", "{5B59ECB7-E667-4AE6-90A1-8D286335CDDC}"
EndProject
Global
	GlobalSection(SolutionConfigurationPlatforms) = preSolution
		Debug|Any CPU = Debug|Any CPU
		Release|Any CPU = Release|Any CPU
	EndGlobalSection
	GlobalSection(ProjectConfigurationPlatforms) = postSolution
		{5B59ECB7-E667-4AE6-90A1-8D286335CDDC}.Debug|Any CPU.ActiveCfg = Debug|Any CPU
		{5B59ECB7-E667-4AE6-90A1-8D286335CDDC}.Debug|Any CPU.Build.0 = Debug|Any CPU
		{5B59ECB7-E667-4AE6-90A1-8D286335CDDC}.Release|Any CPU.ActiveCfg = Release|Any CPU
		{5B59ECB7-E667-4AE6-90A1-8D286335CDDC}.Release|Any CPU.Build.0 = Release|Any CPU
	EndGlobalSection
	GlobalSection(SolutionProperties) = preSolution
		HideSolutionNode = FALSE
	EndGlobalSection
	GlobalSection(ExtensibilityGlobals) = postSolution
		SolutionGuid = {B436F953-2BFD-4B7A-ACBF-CE60E88DA503}
	EndGlobalSection
EndGlobal
